// !$*UTF8*$!
{
	archiveVersion = 1;
	classes = {
	};
	objectVersion = 52;
	objects = {

/* Begin PBXBuildFile section */
		AF3B4559258563C20048BBB8 /* AlgoliaSearchClient in Frameworks */ = {isa = PBXBuildFile; productRef = AF3B4558258563C20048BBB8 /* AlgoliaSearchClient */; };
		AF46B4302557807A003DA57E /* BuildingAnnotation.swift in Sources */ = {isa = PBXBuildFile; fileRef = AF82DD17244CB67700CE8B95 /* BuildingAnnotation.swift */; };
		AF60556C27838E82006B2D04 /* InstantSearchCore in Frameworks */ = {isa = PBXBuildFile; productRef = AF60556B27838E82006B2D04 /* InstantSearchCore */; };
		AF60557127839320006B2D04 /* InstantSearch in Frameworks */ = {isa = PBXBuildFile; productRef = AF60557027839320006B2D04 /* InstantSearch */; };
		AF60557527839640006B2D04 /* Credentials.plist in Resources */ = {isa = PBXBuildFile; fileRef = AF60557427839640006B2D04 /* Credentials.plist */; };
		AF60557727839BD6006B2D04 /* BuildingTableViewCell+Building.swift in Sources */ = {isa = PBXBuildFile; fileRef = AF60557627839BD6006B2D04 /* BuildingTableViewCell+Building.swift */; };
		AF6D857C2584F83C004D699A /* ContainerViewController.swift in Sources */ = {isa = PBXBuildFile; fileRef = AF6D857B2584F83C004D699A /* ContainerViewController.swift */; };
		AF6D85802584F84F004D699A /* FilterSection.swift in Sources */ = {isa = PBXBuildFile; fileRef = AF6D857F2584F84F004D699A /* FilterSection.swift */; };
		AF6F4FED260803EC00408DF7 /* SceneDelegate+Phone.swift in Sources */ = {isa = PBXBuildFile; fileRef = AF6F4FEC260803EC00408DF7 /* SceneDelegate+Phone.swift */; };
		AF6F4FF0260803F500408DF7 /* SceneDelegate+Pad.swift in Sources */ = {isa = PBXBuildFile; fileRef = AF6F4FEF260803F500408DF7 /* SceneDelegate+Pad.swift */; };
		AF76D06E27AE7FF900AFE6C8 /* SearchViewController.swift in Sources */ = {isa = PBXBuildFile; fileRef = AF76D06D27AE7FF900AFE6C8 /* SearchViewController.swift */; };
		AF76D07027AE86BD00AFE6C8 /* CompactViewController.swift in Sources */ = {isa = PBXBuildFile; fileRef = AF76D06F27AE86BD00AFE6C8 /* CompactViewController.swift */; };
		AF76D07227AFC36300AFE6C8 /* HandleView.swift in Sources */ = {isa = PBXBuildFile; fileRef = AF76D07127AFC36300AFE6C8 /* HandleView.swift */; };
		AF76D07427AFD01600AFE6C8 /* HitsCountView.swift in Sources */ = {isa = PBXBuildFile; fileRef = AF76D07327AFD01600AFE6C8 /* HitsCountView.swift */; };
		AF76D07627AFDDEA00AFE6C8 /* OverlayControllerDelegate.swift in Sources */ = {isa = PBXBuildFile; fileRef = AF76D07527AFDDEA00AFE6C8 /* OverlayControllerDelegate.swift */; };
		AF76D07827AFDE0A00AFE6C8 /* OverlayStateController.swift in Sources */ = {isa = PBXBuildFile; fileRef = AF76D07727AFDE0A00AFE6C8 /* OverlayStateController.swift */; };
		AF7943D4253B925B006CEB2B /* FilterViewController.swift in Sources */ = {isa = PBXBuildFile; fileRef = AF7943D3253B925B006CEB2B /* FilterViewController.swift */; };
		AF7943DE253C49D2006CEB2B /* BuldingHitsListViewController.swift in Sources */ = {isa = PBXBuildFile; fileRef = AF7943DD253C49D2006CEB2B /* BuldingHitsListViewController.swift */; };
		AF7943E1253C4A36006CEB2B /* BuildingTableViewCell.swift in Sources */ = {isa = PBXBuildFile; fileRef = AF7943E0253C4A36006CEB2B /* BuildingTableViewCell.swift */; };
		AF7943E5253C4C9A006CEB2B /* IndexName+Convenience.swift in Sources */ = {isa = PBXBuildFile; fileRef = AF7943E4253C4C9A006CEB2B /* IndexName+Convenience.swift */; };
		AF82DCF3244C77A300CE8B95 /* AppDelegate.swift in Sources */ = {isa = PBXBuildFile; fileRef = AF82DCF2244C77A300CE8B95 /* AppDelegate.swift */; };
		AF82DCF5244C77A300CE8B95 /* SceneDelegate.swift in Sources */ = {isa = PBXBuildFile; fileRef = AF82DCF4244C77A300CE8B95 /* SceneDelegate.swift */; };
		AF82DCF7244C77A300CE8B95 /* BuldingHitsMapViewController.swift in Sources */ = {isa = PBXBuildFile; fileRef = AF82DCF6244C77A300CE8B95 /* BuldingHitsMapViewController.swift */; };
		AF82DCFC244C77A500CE8B95 /* Assets.xcassets in Resources */ = {isa = PBXBuildFile; fileRef = AF82DCFB244C77A500CE8B95 /* Assets.xcassets */; };
		AF82DCFF244C77A500CE8B95 /* LaunchScreen.storyboard in Resources */ = {isa = PBXBuildFile; fileRef = AF82DCFD244C77A500CE8B95 /* LaunchScreen.storyboard */; };
		AF82DD0A244C8A3500CE8B95 /* SDWebImage in Frameworks */ = {isa = PBXBuildFile; productRef = AF82DD09244C8A3500CE8B95 /* SDWebImage */; };
		AF82DD0C244CB54B00CE8B95 /* Builder.swift in Sources */ = {isa = PBXBuildFile; fileRef = AF82DD0B244CB54B00CE8B95 /* Builder.swift */; };
		AF82DD0E244CB56B00CE8B95 /* GalleryViewController.swift in Sources */ = {isa = PBXBuildFile; fileRef = AF82DD0D244CB56B00CE8B95 /* GalleryViewController.swift */; };
		AF82DD10244CB59D00CE8B95 /* BuildingViewController.swift in Sources */ = {isa = PBXBuildFile; fileRef = AF82DD0F244CB59D00CE8B95 /* BuildingViewController.swift */; };
		AF82DD1C244CB6C200CE8B95 /* UIView+Convenience.swift in Sources */ = {isa = PBXBuildFile; fileRef = AF82DD1B244CB6C200CE8B95 /* UIView+Convenience.swift */; };
		AF82DD1E244CB6CE00CE8B95 /* UIViewController+Convenience.swift in Sources */ = {isa = PBXBuildFile; fileRef = AF82DD1D244CB6CE00CE8B95 /* UIViewController+Convenience.swift */; };
		AF82DD21244CB9D600CE8B95 /* UIStackView+Convenience.swift in Sources */ = {isa = PBXBuildFile; fileRef = AF82DD20244CB9D600CE8B95 /* UIStackView+Convenience.swift */; };
		AF82DD26244CBA4300CE8B95 /* ImageCell.swift in Sources */ = {isa = PBXBuildFile; fileRef = AF82DD25244CBA4300CE8B95 /* ImageCell.swift */; };
		AF8E9EC2298FCB3F0066A021 /* ColorScheme.swift in Sources */ = {isa = PBXBuildFile; fileRef = AF8E9EC1298FCB3F0066A021 /* ColorScheme.swift */; };
		AF98955A2561ACB500B61F15 /* Petr.gpx in Resources */ = {isa = PBXBuildFile; fileRef = AF9895592561ACB500B61F15 /* Petr.gpx */; };
		AF98955D2561AD3B00B61F15 /* Center.gpx in Resources */ = {isa = PBXBuildFile; fileRef = AF98955C2561AD3B00B61F15 /* Center.gpx */; };
		AFB533BB25B4FD250079EE21 /* UISearchTextField+Convenience.swift in Sources */ = {isa = PBXBuildFile; fileRef = AFB533BA25B4FD250079EE21 /* UISearchTextField+Convenience.swift */; };
		AFB533BF25B4FD3F0079EE21 /* UISearchToken+Convenience.swift in Sources */ = {isa = PBXBuildFile; fileRef = AFB533BE25B4FD3F0079EE21 /* UISearchToken+Convenience.swift */; };
		AFC4C972298A781400BFD6C0 /* Localizable.strings in Resources */ = {isa = PBXBuildFile; fileRef = AFC4C974298A781400BFD6C0 /* Localizable.strings */; };
		AFC4C977298A7BE800BFD6C0 /* String+Localization.swift in Sources */ = {isa = PBXBuildFile; fileRef = AFC4C976298A7BE800BFD6C0 /* String+Localization.swift */; };
		AFC4CA35298F014E00BFD6C0 /* SpbscapeCore in Frameworks */ = {isa = PBXBuildFile; productRef = AFC4CA34298F014E00BFD6C0 /* SpbscapeCore */; };
		AFC4CA37298F1BA400BFD6C0 /* MKCoordinateRegion+Convenience.swift in Sources */ = {isa = PBXBuildFile; fileRef = AFC4CA36298F1BA400BFD6C0 /* MKCoordinateRegion+Convenience.swift */; };
		AFE9BFFE25FD57A700BF0E2D /* SearchViewModel.swift in Sources */ = {isa = PBXBuildFile; fileRef = AFE9BFFD25FD57A700BF0E2D /* SearchViewModel.swift */; };
		AFE9C00125FD5B3700BF0E2D /* ToolbarDelegate.swift in Sources */ = {isa = PBXBuildFile; fileRef = AFE9C00025FD5B3700BF0E2D /* ToolbarDelegate.swift */; };
		AFF4F6782783B98F0054100B /* FacetListViewController.swift in Sources */ = {isa = PBXBuildFile; fileRef = AFF4F6772783B98F0054100B /* FacetListViewController.swift */; };
		AFF4F67A2783BFC50054100B /* NoResultsView.swift in Sources */ = {isa = PBXBuildFile; fileRef = AFF4F6792783BFC50054100B /* NoResultsView.swift */; };
		AFFA76C1255833AF00578914 /* ClusterView.swift in Sources */ = {isa = PBXBuildFile; fileRef = AFFA76C0255833AF00578914 /* ClusterView.swift */; };
		AFFA76C42558340200578914 /* HitAnnotationView.swift in Sources */ = {isa = PBXBuildFile; fileRef = AFFA76C32558340200578914 /* HitAnnotationView.swift */; };
		AFFE9E5E25FE813E000C3AC9 /* HitsPresentationMode.swift in Sources */ = {isa = PBXBuildFile; fileRef = AFFE9E5D25FE813E000C3AC9 /* HitsPresentationMode.swift */; };
		AFFE9E6525FEAD1E000C3AC9 /* FiltersHelper.swift in Sources */ = {isa = PBXBuildFile; fileRef = AFFE9E6425FEAD1E000C3AC9 /* FiltersHelper.swift */; };
/* End PBXBuildFile section */

/* Begin PBXFileReference section */
		AF48C4F7253639EE00262367 /* Architect.swift */ = {isa = PBXFileReference; fileEncoding = 4; lastKnownFileType = sourcecode.swift; path = Architect.swift; sourceTree = "<group>"; };
		AF48C4F8253639EE00262367 /* Street.swift */ = {isa = PBXFileReference; fileEncoding = 4; lastKnownFileType = sourcecode.swift; path = Street.swift; sourceTree = "<group>"; };
		AF60557427839640006B2D04 /* Credentials.plist */ = {isa = PBXFileReference; lastKnownFileType = text.plist.xml; path = Credentials.plist; sourceTree = "<group>"; };
		AF60557627839BD6006B2D04 /* BuildingTableViewCell+Building.swift */ = {isa = PBXFileReference; lastKnownFileType = sourcecode.swift; path = "BuildingTableViewCell+Building.swift"; sourceTree = "<group>"; };
		AF6D857B2584F83C004D699A /* ContainerViewController.swift */ = {isa = PBXFileReference; lastKnownFileType = sourcecode.swift; path = ContainerViewController.swift; sourceTree = "<group>"; };
		AF6D857F2584F84F004D699A /* FilterSection.swift */ = {isa = PBXFileReference; lastKnownFileType = sourcecode.swift; path = FilterSection.swift; sourceTree = "<group>"; };
		AF6F4FEC260803EC00408DF7 /* SceneDelegate+Phone.swift */ = {isa = PBXFileReference; lastKnownFileType = sourcecode.swift; path = "SceneDelegate+Phone.swift"; sourceTree = "<group>"; };
		AF6F4FEF260803F500408DF7 /* SceneDelegate+Pad.swift */ = {isa = PBXFileReference; lastKnownFileType = sourcecode.swift; path = "SceneDelegate+Pad.swift"; sourceTree = "<group>"; };
		AF76D06D27AE7FF900AFE6C8 /* SearchViewController.swift */ = {isa = PBXFileReference; lastKnownFileType = sourcecode.swift; path = SearchViewController.swift; sourceTree = "<group>"; };
		AF76D06F27AE86BD00AFE6C8 /* CompactViewController.swift */ = {isa = PBXFileReference; lastKnownFileType = sourcecode.swift; path = CompactViewController.swift; sourceTree = "<group>"; };
		AF76D07127AFC36300AFE6C8 /* HandleView.swift */ = {isa = PBXFileReference; lastKnownFileType = sourcecode.swift; path = HandleView.swift; sourceTree = "<group>"; };
		AF76D07327AFD01600AFE6C8 /* HitsCountView.swift */ = {isa = PBXFileReference; lastKnownFileType = sourcecode.swift; path = HitsCountView.swift; sourceTree = "<group>"; };
		AF76D07527AFDDEA00AFE6C8 /* OverlayControllerDelegate.swift */ = {isa = PBXFileReference; lastKnownFileType = sourcecode.swift; path = OverlayControllerDelegate.swift; sourceTree = "<group>"; };
		AF76D07727AFDE0A00AFE6C8 /* OverlayStateController.swift */ = {isa = PBXFileReference; lastKnownFileType = sourcecode.swift; path = OverlayStateController.swift; sourceTree = "<group>"; };
		AF7943D3253B925B006CEB2B /* FilterViewController.swift */ = {isa = PBXFileReference; lastKnownFileType = sourcecode.swift; path = FilterViewController.swift; sourceTree = "<group>"; };
		AF7943DD253C49D2006CEB2B /* BuldingHitsListViewController.swift */ = {isa = PBXFileReference; lastKnownFileType = sourcecode.swift; path = BuldingHitsListViewController.swift; sourceTree = "<group>"; };
		AF7943E0253C4A36006CEB2B /* BuildingTableViewCell.swift */ = {isa = PBXFileReference; lastKnownFileType = sourcecode.swift; path = BuildingTableViewCell.swift; sourceTree = "<group>"; };
		AF7943E4253C4C9A006CEB2B /* IndexName+Convenience.swift */ = {isa = PBXFileReference; lastKnownFileType = sourcecode.swift; path = "IndexName+Convenience.swift"; sourceTree = "<group>"; };
		AF7943E7253C4FC7006CEB2B /* Style.swift */ = {isa = PBXFileReference; lastKnownFileType = sourcecode.swift; path = Style.swift; sourceTree = "<group>"; };
		AF82DCEF244C77A300CE8B95 /* Spbscape.app */ = {isa = PBXFileReference; explicitFileType = wrapper.application; includeInIndex = 0; path = Spbscape.app; sourceTree = BUILT_PRODUCTS_DIR; };
		AF82DCF2244C77A300CE8B95 /* AppDelegate.swift */ = {isa = PBXFileReference; lastKnownFileType = sourcecode.swift; path = AppDelegate.swift; sourceTree = "<group>"; };
		AF82DCF4244C77A300CE8B95 /* SceneDelegate.swift */ = {isa = PBXFileReference; lastKnownFileType = sourcecode.swift; path = SceneDelegate.swift; sourceTree = "<group>"; };
		AF82DCF6244C77A300CE8B95 /* BuldingHitsMapViewController.swift */ = {isa = PBXFileReference; lastKnownFileType = sourcecode.swift; path = BuldingHitsMapViewController.swift; sourceTree = "<group>"; wrapsLines = 0; };
		AF82DCFB244C77A500CE8B95 /* Assets.xcassets */ = {isa = PBXFileReference; lastKnownFileType = folder.assetcatalog; path = Assets.xcassets; sourceTree = "<group>"; };
		AF82DCFE244C77A500CE8B95 /* Base */ = {isa = PBXFileReference; lastKnownFileType = file.storyboard; name = Base; path = Base.lproj/LaunchScreen.storyboard; sourceTree = "<group>"; };
		AF82DD00244C77A500CE8B95 /* Info.plist */ = {isa = PBXFileReference; lastKnownFileType = text.plist.xml; path = Info.plist; sourceTree = "<group>"; };
		AF82DD0B244CB54B00CE8B95 /* Builder.swift */ = {isa = PBXFileReference; lastKnownFileType = sourcecode.swift; path = Builder.swift; sourceTree = "<group>"; };
		AF82DD0D244CB56B00CE8B95 /* GalleryViewController.swift */ = {isa = PBXFileReference; lastKnownFileType = sourcecode.swift; path = GalleryViewController.swift; sourceTree = "<group>"; };
		AF82DD0F244CB59D00CE8B95 /* BuildingViewController.swift */ = {isa = PBXFileReference; lastKnownFileType = sourcecode.swift; path = BuildingViewController.swift; sourceTree = "<group>"; };
		AF82DD13244CB61300CE8B95 /* Photo.swift */ = {isa = PBXFileReference; lastKnownFileType = sourcecode.swift; path = Photo.swift; sourceTree = "<group>"; };
		AF82DD15244CB62300CE8B95 /* ConstructionYear.swift */ = {isa = PBXFileReference; lastKnownFileType = sourcecode.swift; path = ConstructionYear.swift; sourceTree = "<group>"; };
		AF82DD17244CB67700CE8B95 /* BuildingAnnotation.swift */ = {isa = PBXFileReference; lastKnownFileType = sourcecode.swift; path = BuildingAnnotation.swift; sourceTree = "<group>"; };
		AF82DD19244CB68A00CE8B95 /* Building.swift */ = {isa = PBXFileReference; lastKnownFileType = sourcecode.swift; path = Building.swift; sourceTree = "<group>"; };
		AF82DD1B244CB6C200CE8B95 /* UIView+Convenience.swift */ = {isa = PBXFileReference; lastKnownFileType = sourcecode.swift; path = "UIView+Convenience.swift"; sourceTree = "<group>"; };
		AF82DD1D244CB6CE00CE8B95 /* UIViewController+Convenience.swift */ = {isa = PBXFileReference; lastKnownFileType = sourcecode.swift; path = "UIViewController+Convenience.swift"; sourceTree = "<group>"; };
		AF82DD20244CB9D600CE8B95 /* UIStackView+Convenience.swift */ = {isa = PBXFileReference; lastKnownFileType = sourcecode.swift; path = "UIStackView+Convenience.swift"; sourceTree = "<group>"; };
		AF82DD25244CBA4300CE8B95 /* ImageCell.swift */ = {isa = PBXFileReference; lastKnownFileType = sourcecode.swift; path = ImageCell.swift; sourceTree = "<group>"; };
		AF8E9EC1298FCB3F0066A021 /* ColorScheme.swift */ = {isa = PBXFileReference; lastKnownFileType = sourcecode.swift; path = ColorScheme.swift; sourceTree = "<group>"; };
		AF9895582561AC5900B61F15 /* VO.gpx */ = {isa = PBXFileReference; lastKnownFileType = text.xml; path = VO.gpx; sourceTree = "<group>"; };
		AF9895592561ACB500B61F15 /* Petr.gpx */ = {isa = PBXFileReference; fileEncoding = 4; lastKnownFileType = text.xml; path = Petr.gpx; sourceTree = "<group>"; };
		AF98955C2561AD3B00B61F15 /* Center.gpx */ = {isa = PBXFileReference; fileEncoding = 4; lastKnownFileType = text.xml; path = Center.gpx; sourceTree = "<group>"; };
		AFB533BA25B4FD250079EE21 /* UISearchTextField+Convenience.swift */ = {isa = PBXFileReference; lastKnownFileType = sourcecode.swift; path = "UISearchTextField+Convenience.swift"; sourceTree = "<group>"; };
		AFB533BE25B4FD3F0079EE21 /* UISearchToken+Convenience.swift */ = {isa = PBXFileReference; lastKnownFileType = sourcecode.swift; path = "UISearchToken+Convenience.swift"; sourceTree = "<group>"; };
		AFC4C96F298A77A100BFD6C0 /* ru */ = {isa = PBXFileReference; lastKnownFileType = text.plist.strings; name = ru; path = ru.lproj/LaunchScreen.strings; sourceTree = "<group>"; };
		AFC4C973298A781400BFD6C0 /* en */ = {isa = PBXFileReference; lastKnownFileType = text.plist.strings; name = en; path = en.lproj/Localizable.strings; sourceTree = "<group>"; };
		AFC4C975298A781800BFD6C0 /* ru */ = {isa = PBXFileReference; lastKnownFileType = text.plist.strings; name = ru; path = ru.lproj/Localizable.strings; sourceTree = "<group>"; };
		AFC4C976298A7BE800BFD6C0 /* String+Localization.swift */ = {isa = PBXFileReference; lastKnownFileType = sourcecode.swift; path = "String+Localization.swift"; sourceTree = "<group>"; };
		AFC4CA33298F00CC00BFD6C0 /* SpbscapeCore */ = {isa = PBXFileReference; lastKnownFileType = wrapper; name = SpbscapeCore; path = ../../spbscape/SpbscapeCore; sourceTree = "<group>"; };
		AFC4CA36298F1BA400BFD6C0 /* MKCoordinateRegion+Convenience.swift */ = {isa = PBXFileReference; lastKnownFileType = sourcecode.swift; path = "MKCoordinateRegion+Convenience.swift"; sourceTree = "<group>"; };
		AFE9BFFD25FD57A700BF0E2D /* SearchViewModel.swift */ = {isa = PBXFileReference; lastKnownFileType = sourcecode.swift; path = SearchViewModel.swift; sourceTree = "<group>"; };
		AFE9C00025FD5B3700BF0E2D /* ToolbarDelegate.swift */ = {isa = PBXFileReference; lastKnownFileType = sourcecode.swift; path = ToolbarDelegate.swift; sourceTree = "<group>"; };
		AFF4F6772783B98F0054100B /* FacetListViewController.swift */ = {isa = PBXFileReference; lastKnownFileType = sourcecode.swift; path = FacetListViewController.swift; sourceTree = "<group>"; };
		AFF4F6792783BFC50054100B /* NoResultsView.swift */ = {isa = PBXFileReference; lastKnownFileType = sourcecode.swift; path = NoResultsView.swift; sourceTree = "<group>"; };
		AFFA76C0255833AF00578914 /* ClusterView.swift */ = {isa = PBXFileReference; lastKnownFileType = sourcecode.swift; path = ClusterView.swift; sourceTree = "<group>"; };
		AFFA76C32558340200578914 /* HitAnnotationView.swift */ = {isa = PBXFileReference; lastKnownFileType = sourcecode.swift; path = HitAnnotationView.swift; sourceTree = "<group>"; };
		AFFA76C62558367900578914 /* Spbscape.entitlements */ = {isa = PBXFileReference; lastKnownFileType = text.plist.entitlements; path = Spbscape.entitlements; sourceTree = "<group>"; };
		AFFE9E5D25FE813E000C3AC9 /* HitsPresentationMode.swift */ = {isa = PBXFileReference; lastKnownFileType = sourcecode.swift; path = HitsPresentationMode.swift; sourceTree = "<group>"; };
		AFFE9E6425FEAD1E000C3AC9 /* FiltersHelper.swift */ = {isa = PBXFileReference; lastKnownFileType = sourcecode.swift; path = FiltersHelper.swift; sourceTree = "<group>"; };
/* End PBXFileReference section */

/* Begin PBXFrameworksBuildPhase section */
		AF82DCEC244C77A300CE8B95 /* Frameworks */ = {
			isa = PBXFrameworksBuildPhase;
			buildActionMask = 2147483647;
			files = (
				AFC4CA35298F014E00BFD6C0 /* SpbscapeCore in Frameworks */,
				AF60556C27838E82006B2D04 /* InstantSearchCore in Frameworks */,
				AF3B4559258563C20048BBB8 /* AlgoliaSearchClient in Frameworks */,
				AF82DD0A244C8A3500CE8B95 /* SDWebImage in Frameworks */,
				AF60557127839320006B2D04 /* InstantSearch in Frameworks */,
			);
			runOnlyForDeploymentPostprocessing = 0;
		};
/* End PBXFrameworksBuildPhase section */

/* Begin PBXGroup section */
		AF3B4557258563C20048BBB8 /* Frameworks */ = {
			isa = PBXGroup;
			children = (
			);
			name = Frameworks;
			sourceTree = "<group>";
		};
		AF6055672783652B006B2D04 /* Packages */ = {
			isa = PBXGroup;
			children = (
				AFC4CA33298F00CC00BFD6C0 /* SpbscapeCore */,
			);
			name = Packages;
			sourceTree = "<group>";
		};
		AF6D857A2584F82F004D699A /* Filter */ = {
			isa = PBXGroup;
			children = (
				AF7943D3253B925B006CEB2B /* FilterViewController.swift */,
				AFF4F6772783B98F0054100B /* FacetListViewController.swift */,
				AF6D857F2584F84F004D699A /* FilterSection.swift */,
			);
			path = Filter;
			sourceTree = "<group>";
		};
		AF82DCE6244C77A300CE8B95 = {
			isa = PBXGroup;
			children = (
				AF6055672783652B006B2D04 /* Packages */,
				AF82DCF1244C77A300CE8B95 /* Spbscape */,
				AF82DCF0244C77A300CE8B95 /* Products */,
				AF3B4557258563C20048BBB8 /* Frameworks */,
			);
			sourceTree = "<group>";
		};
		AF82DCF0244C77A300CE8B95 /* Products */ = {
			isa = PBXGroup;
			children = (
				AF82DCEF244C77A300CE8B95 /* Spbscape.app */,
			);
			name = Products;
			sourceTree = "<group>";
		};
		AF82DCF1244C77A300CE8B95 /* Spbscape */ = {
			isa = PBXGroup;
			children = (
				AFFA76C62558367900578914 /* Spbscape.entitlements */,
				AF82DD24244CBA3400CE8B95 /* View */,
				AF82DD23244CB9FD00CE8B95 /* Helper */,
				AF82DD22244CB9ED00CE8B95 /* ViewController */,
				AF82DD1F244CB6FD00CE8B95 /* Model */,
				AFB533B925B4FD100079EE21 /* Extensions */,
				AF82DCF2244C77A300CE8B95 /* AppDelegate.swift */,
				AF82DCF4244C77A300CE8B95 /* SceneDelegate.swift */,
				AF6F4FEC260803EC00408DF7 /* SceneDelegate+Phone.swift */,
				AF6F4FEF260803F500408DF7 /* SceneDelegate+Pad.swift */,
				AF82DCFB244C77A500CE8B95 /* Assets.xcassets */,
				AF82DCFD244C77A500CE8B95 /* LaunchScreen.storyboard */,
				AF82DD00244C77A500CE8B95 /* Info.plist */,
				AF60557427839640006B2D04 /* Credentials.plist */,
				AF98955C2561AD3B00B61F15 /* Center.gpx */,
				AF9895592561ACB500B61F15 /* Petr.gpx */,
				AF9895582561AC5900B61F15 /* VO.gpx */,
				AF82DD0B244CB54B00CE8B95 /* Builder.swift */,
				AFC4C974298A781400BFD6C0 /* Localizable.strings */,
			);
			path = Spbscape;
			sourceTree = "<group>";
		};
		AF82DD1F244CB6FD00CE8B95 /* Model */ = {
			isa = PBXGroup;
			children = (
				AF82DD17244CB67700CE8B95 /* BuildingAnnotation.swift */,
				AF82DD19244CB68A00CE8B95 /* Building.swift */,
				AF82DD13244CB61300CE8B95 /* Photo.swift */,
				AF82DD15244CB62300CE8B95 /* ConstructionYear.swift */,
				AF48C4F7253639EE00262367 /* Architect.swift */,
				AF7943E7253C4FC7006CEB2B /* Style.swift */,
				AF48C4F8253639EE00262367 /* Street.swift */,
				AFE9BFFD25FD57A700BF0E2D /* SearchViewModel.swift */,
				AFFE9E5D25FE813E000C3AC9 /* HitsPresentationMode.swift */,
			);
			path = Model;
			sourceTree = "<group>";
		};
		AF82DD22244CB9ED00CE8B95 /* ViewController */ = {
			isa = PBXGroup;
			children = (
				AF8E9EC3298FCBE70066A021 /* Overlay */,
				AF6D857A2584F82F004D699A /* Filter */,
				AF82DCF6244C77A300CE8B95 /* BuldingHitsMapViewController.swift */,
				AF7943DD253C49D2006CEB2B /* BuldingHitsListViewController.swift */,
				AF82DD0D244CB56B00CE8B95 /* GalleryViewController.swift */,
				AF6D857B2584F83C004D699A /* ContainerViewController.swift */,
				AF82DD0F244CB59D00CE8B95 /* BuildingViewController.swift */,
				AF76D06D27AE7FF900AFE6C8 /* SearchViewController.swift */,
				AFFE9E6425FEAD1E000C3AC9 /* FiltersHelper.swift */,
				AF76D06F27AE86BD00AFE6C8 /* CompactViewController.swift */,
				AFE9C00025FD5B3700BF0E2D /* ToolbarDelegate.swift */,
			);
			path = ViewController;
			sourceTree = "<group>";
		};
		AF82DD23244CB9FD00CE8B95 /* Helper */ = {
			isa = PBXGroup;
			children = (
				AF82DD1B244CB6C200CE8B95 /* UIView+Convenience.swift */,
				AF82DD1D244CB6CE00CE8B95 /* UIViewController+Convenience.swift */,
				AF82DD20244CB9D600CE8B95 /* UIStackView+Convenience.swift */,
				AF7943E4253C4C9A006CEB2B /* IndexName+Convenience.swift */,
				AFC4C976298A7BE800BFD6C0 /* String+Localization.swift */,
				AF8E9EC1298FCB3F0066A021 /* ColorScheme.swift */,
			);
			path = Helper;
			sourceTree = "<group>";
		};
		AF82DD24244CBA3400CE8B95 /* View */ = {
			isa = PBXGroup;
			children = (
				AF82DD25244CBA4300CE8B95 /* ImageCell.swift */,
				AFFA76C0255833AF00578914 /* ClusterView.swift */,
				AFFA76C32558340200578914 /* HitAnnotationView.swift */,
				AFF4F6792783BFC50054100B /* NoResultsView.swift */,
				AF76D07127AFC36300AFE6C8 /* HandleView.swift */,
				AF76D07327AFD01600AFE6C8 /* HitsCountView.swift */,
				AF7943E0253C4A36006CEB2B /* BuildingTableViewCell.swift */,
			);
			path = View;
			sourceTree = "<group>";
		};
		AF8E9EC3298FCBE70066A021 /* Overlay */ = {
			isa = PBXGroup;
			children = (
				AF76D07527AFDDEA00AFE6C8 /* OverlayControllerDelegate.swift */,
				AF76D07727AFDE0A00AFE6C8 /* OverlayStateController.swift */,
			);
			path = Overlay;
			sourceTree = "<group>";
		};
		AFB533B925B4FD100079EE21 /* Extensions */ = {
			isa = PBXGroup;
			children = (
				AF60557627839BD6006B2D04 /* BuildingTableViewCell+Building.swift */,
				AFB533BA25B4FD250079EE21 /* UISearchTextField+Convenience.swift */,
				AFB533BE25B4FD3F0079EE21 /* UISearchToken+Convenience.swift */,
				AFC4CA36298F1BA400BFD6C0 /* MKCoordinateRegion+Convenience.swift */,
			);
			path = Extensions;
			sourceTree = "<group>";
		};
/* End PBXGroup section */

/* Begin PBXNativeTarget section */
		AF82DCEE244C77A300CE8B95 /* Spbscape */ = {
			isa = PBXNativeTarget;
			buildConfigurationList = AF82DD03244C77A500CE8B95 /* Build configuration list for PBXNativeTarget "Spbscape" */;
			buildPhases = (
				AF82DCEB244C77A300CE8B95 /* Sources */,
				AF82DCEC244C77A300CE8B95 /* Frameworks */,
				AF82DCED244C77A300CE8B95 /* Resources */,
			);
			buildRules = (
			);
			dependencies = (
			);
			name = Spbscape;
			packageProductDependencies = (
				AF82DD09244C8A3500CE8B95 /* SDWebImage */,
				AF3B4558258563C20048BBB8 /* AlgoliaSearchClient */,
				AF60556B27838E82006B2D04 /* InstantSearchCore */,
				AF60557027839320006B2D04 /* InstantSearch */,
				AFC4CA34298F014E00BFD6C0 /* SpbscapeCore */,
			);
			productName = CityWalls;
			productReference = AF82DCEF244C77A300CE8B95 /* Spbscape.app */;
			productType = "com.apple.product-type.application";
		};
/* End PBXNativeTarget section */

/* Begin PBXProject section */
		AF82DCE7244C77A300CE8B95 /* Project object */ = {
			isa = PBXProject;
			attributes = {
				LastSwiftUpdateCheck = 1140;
				LastUpgradeCheck = 1140;
				ORGANIZATIONNAME = "Vladislav Fitc";
				TargetAttributes = {
					AF82DCEE244C77A300CE8B95 = {
						CreatedOnToolsVersion = 11.4;
					};
				};
			};
			buildConfigurationList = AF82DCEA244C77A300CE8B95 /* Build configuration list for PBXProject "Spbscape" */;
			compatibilityVersion = "Xcode 9.3";
			developmentRegion = en;
			hasScannedForEncodings = 0;
			knownRegions = (
				en,
				Base,
				ru,
			);
			mainGroup = AF82DCE6244C77A300CE8B95;
			packageReferences = (
				AF82DD08244C8A3500CE8B95 /* XCRemoteSwiftPackageReference "SDWebImage" */,
				AF60556A27838E82006B2D04 /* XCRemoteSwiftPackageReference "instantsearch-ios" */,
			);
			productRefGroup = AF82DCF0244C77A300CE8B95 /* Products */;
			projectDirPath = "";
			projectRoot = "";
			targets = (
				AF82DCEE244C77A300CE8B95 /* Spbscape */,
			);
		};
/* End PBXProject section */

/* Begin PBXResourcesBuildPhase section */
		AF82DCED244C77A300CE8B95 /* Resources */ = {
			isa = PBXResourcesBuildPhase;
			buildActionMask = 2147483647;
			files = (
				AF98955A2561ACB500B61F15 /* Petr.gpx in Resources */,
				AFC4C972298A781400BFD6C0 /* Localizable.strings in Resources */,
				AF82DCFF244C77A500CE8B95 /* LaunchScreen.storyboard in Resources */,
				AF60557527839640006B2D04 /* Credentials.plist in Resources */,
				AF98955D2561AD3B00B61F15 /* Center.gpx in Resources */,
				AF82DCFC244C77A500CE8B95 /* Assets.xcassets in Resources */,
			);
			runOnlyForDeploymentPostprocessing = 0;
		};
/* End PBXResourcesBuildPhase section */

/* Begin PBXSourcesBuildPhase section */
		AF82DCEB244C77A300CE8B95 /* Sources */ = {
			isa = PBXSourcesBuildPhase;
			buildActionMask = 2147483647;
			files = (
				AF82DD10244CB59D00CE8B95 /* BuildingViewController.swift in Sources */,
				AF8E9EC2298FCB3F0066A021 /* ColorScheme.swift in Sources */,
				AF7943E1253C4A36006CEB2B /* BuildingTableViewCell.swift in Sources */,
				AF6D857C2584F83C004D699A /* ContainerViewController.swift in Sources */,
				AFC4CA37298F1BA400BFD6C0 /* MKCoordinateRegion+Convenience.swift in Sources */,
				AF6F4FED260803EC00408DF7 /* SceneDelegate+Phone.swift in Sources */,
				AFE9C00125FD5B3700BF0E2D /* ToolbarDelegate.swift in Sources */,
				AFFA76C42558340200578914 /* HitAnnotationView.swift in Sources */,
				AF82DCF7244C77A300CE8B95 /* BuldingHitsMapViewController.swift in Sources */,
				AF46B4302557807A003DA57E /* BuildingAnnotation.swift in Sources */,
				AF76D07027AE86BD00AFE6C8 /* CompactViewController.swift in Sources */,
				AF7943DE253C49D2006CEB2B /* BuldingHitsListViewController.swift in Sources */,
				AF6D85802584F84F004D699A /* FilterSection.swift in Sources */,
				AF7943E5253C4C9A006CEB2B /* IndexName+Convenience.swift in Sources */,
				AFF4F6782783B98F0054100B /* FacetListViewController.swift in Sources */,
				AF82DD1E244CB6CE00CE8B95 /* UIViewController+Convenience.swift in Sources */,
				AF76D07627AFDDEA00AFE6C8 /* OverlayControllerDelegate.swift in Sources */,
				AF76D07827AFDE0A00AFE6C8 /* OverlayStateController.swift in Sources */,
				AFFA76C1255833AF00578914 /* ClusterView.swift in Sources */,
				AF82DCF3244C77A300CE8B95 /* AppDelegate.swift in Sources */,
				AF82DD21244CB9D600CE8B95 /* UIStackView+Convenience.swift in Sources */,
				AF82DD0E244CB56B00CE8B95 /* GalleryViewController.swift in Sources */,
				AF82DD1C244CB6C200CE8B95 /* UIView+Convenience.swift in Sources */,
				AFF4F67A2783BFC50054100B /* NoResultsView.swift in Sources */,
				AFC4C977298A7BE800BFD6C0 /* String+Localization.swift in Sources */,
				AFFE9E6525FEAD1E000C3AC9 /* FiltersHelper.swift in Sources */,
				AF7943D4253B925B006CEB2B /* FilterViewController.swift in Sources */,
				AFB533BF25B4FD3F0079EE21 /* UISearchToken+Convenience.swift in Sources */,
				AF82DCF5244C77A300CE8B95 /* SceneDelegate.swift in Sources */,
				AF76D06E27AE7FF900AFE6C8 /* SearchViewController.swift in Sources */,
				AF60557727839BD6006B2D04 /* BuildingTableViewCell+Building.swift in Sources */,
				AFFE9E5E25FE813E000C3AC9 /* HitsPresentationMode.swift in Sources */,
				AFE9BFFE25FD57A700BF0E2D /* SearchViewModel.swift in Sources */,
				AF76D07427AFD01600AFE6C8 /* HitsCountView.swift in Sources */,
				AF76D07227AFC36300AFE6C8 /* HandleView.swift in Sources */,
				AF82DD0C244CB54B00CE8B95 /* Builder.swift in Sources */,
				AF6F4FF0260803F500408DF7 /* SceneDelegate+Pad.swift in Sources */,
				AFB533BB25B4FD250079EE21 /* UISearchTextField+Convenience.swift in Sources */,
				AF82DD26244CBA4300CE8B95 /* ImageCell.swift in Sources */,
			);
			runOnlyForDeploymentPostprocessing = 0;
		};
/* End PBXSourcesBuildPhase section */

/* Begin PBXVariantGroup section */
		AF82DCFD244C77A500CE8B95 /* LaunchScreen.storyboard */ = {
			isa = PBXVariantGroup;
			children = (
				AF82DCFE244C77A500CE8B95 /* Base */,
				AFC4C96F298A77A100BFD6C0 /* ru */,
			);
			name = LaunchScreen.storyboard;
			sourceTree = "<group>";
		};
		AFC4C974298A781400BFD6C0 /* Localizable.strings */ = {
			isa = PBXVariantGroup;
			children = (
				AFC4C973298A781400BFD6C0 /* en */,
				AFC4C975298A781800BFD6C0 /* ru */,
			);
			name = Localizable.strings;
			sourceTree = "<group>";
		};
/* End PBXVariantGroup section */

/* Begin XCBuildConfiguration section */
		AF82DD01244C77A500CE8B95 /* Debug */ = {
			isa = XCBuildConfiguration;
			buildSettings = {
				ALWAYS_SEARCH_USER_PATHS = NO;
				CLANG_ANALYZER_LOCALIZABILITY_NONLOCALIZED = YES;
				CLANG_ANALYZER_NONNULL = YES;
				CLANG_ANALYZER_NUMBER_OBJECT_CONVERSION = YES_AGGRESSIVE;
				CLANG_CXX_LANGUAGE_STANDARD = "gnu++14";
				CLANG_CXX_LIBRARY = "libc++";
				CLANG_ENABLE_MODULES = YES;
				CLANG_ENABLE_OBJC_ARC = YES;
				CLANG_ENABLE_OBJC_WEAK = YES;
				CLANG_WARN_BLOCK_CAPTURE_AUTORELEASING = YES;
				CLANG_WARN_BOOL_CONVERSION = YES;
				CLANG_WARN_COMMA = YES;
				CLANG_WARN_CONSTANT_CONVERSION = YES;
				CLANG_WARN_DEPRECATED_OBJC_IMPLEMENTATIONS = YES;
				CLANG_WARN_DIRECT_OBJC_ISA_USAGE = YES_ERROR;
				CLANG_WARN_DOCUMENTATION_COMMENTS = YES;
				CLANG_WARN_EMPTY_BODY = YES;
				CLANG_WARN_ENUM_CONVERSION = YES;
				CLANG_WARN_INFINITE_RECURSION = YES;
				CLANG_WARN_INT_CONVERSION = YES;
				CLANG_WARN_NON_LITERAL_NULL_CONVERSION = YES;
				CLANG_WARN_OBJC_IMPLICIT_RETAIN_SELF = YES;
				CLANG_WARN_OBJC_LITERAL_CONVERSION = YES;
				CLANG_WARN_OBJC_ROOT_CLASS = YES_ERROR;
				CLANG_WARN_RANGE_LOOP_ANALYSIS = YES;
				CLANG_WARN_STRICT_PROTOTYPES = YES;
				CLANG_WARN_SUSPICIOUS_MOVE = YES;
				CLANG_WARN_UNGUARDED_AVAILABILITY = YES_AGGRESSIVE;
				CLANG_WARN_UNREACHABLE_CODE = YES;
				CLANG_WARN__DUPLICATE_METHOD_MATCH = YES;
				COPY_PHASE_STRIP = NO;
				DEBUG_INFORMATION_FORMAT = dwarf;
				ENABLE_STRICT_OBJC_MSGSEND = YES;
				ENABLE_TESTABILITY = YES;
				GCC_C_LANGUAGE_STANDARD = gnu11;
				GCC_DYNAMIC_NO_PIC = NO;
				GCC_NO_COMMON_BLOCKS = YES;
				GCC_OPTIMIZATION_LEVEL = 0;
				GCC_PREPROCESSOR_DEFINITIONS = (
					"DEBUG=1",
					"$(inherited)",
				);
				GCC_WARN_64_TO_32_BIT_CONVERSION = YES;
				GCC_WARN_ABOUT_RETURN_TYPE = YES_ERROR;
				GCC_WARN_UNDECLARED_SELECTOR = YES;
				GCC_WARN_UNINITIALIZED_AUTOS = YES_AGGRESSIVE;
				GCC_WARN_UNUSED_FUNCTION = YES;
				GCC_WARN_UNUSED_VARIABLE = YES;
				IPHONEOS_DEPLOYMENT_TARGET = 13.4;
				MTL_ENABLE_DEBUG_INFO = INCLUDE_SOURCE;
				MTL_FAST_MATH = YES;
				ONLY_ACTIVE_ARCH = YES;
				SDKROOT = iphoneos;
				SWIFT_ACTIVE_COMPILATION_CONDITIONS = DEBUG;
				SWIFT_OPTIMIZATION_LEVEL = "-Onone";
			};
			name = Debug;
		};
		AF82DD02244C77A500CE8B95 /* Release */ = {
			isa = XCBuildConfiguration;
			buildSettings = {
				ALWAYS_SEARCH_USER_PATHS = NO;
				CLANG_ANALYZER_LOCALIZABILITY_NONLOCALIZED = YES;
				CLANG_ANALYZER_NONNULL = YES;
				CLANG_ANALYZER_NUMBER_OBJECT_CONVERSION = YES_AGGRESSIVE;
				CLANG_CXX_LANGUAGE_STANDARD = "gnu++14";
				CLANG_CXX_LIBRARY = "libc++";
				CLANG_ENABLE_MODULES = YES;
				CLANG_ENABLE_OBJC_ARC = YES;
				CLANG_ENABLE_OBJC_WEAK = YES;
				CLANG_WARN_BLOCK_CAPTURE_AUTORELEASING = YES;
				CLANG_WARN_BOOL_CONVERSION = YES;
				CLANG_WARN_COMMA = YES;
				CLANG_WARN_CONSTANT_CONVERSION = YES;
				CLANG_WARN_DEPRECATED_OBJC_IMPLEMENTATIONS = YES;
				CLANG_WARN_DIRECT_OBJC_ISA_USAGE = YES_ERROR;
				CLANG_WARN_DOCUMENTATION_COMMENTS = YES;
				CLANG_WARN_EMPTY_BODY = YES;
				CLANG_WARN_ENUM_CONVERSION = YES;
				CLANG_WARN_INFINITE_RECURSION = YES;
				CLANG_WARN_INT_CONVERSION = YES;
				CLANG_WARN_NON_LITERAL_NULL_CONVERSION = YES;
				CLANG_WARN_OBJC_IMPLICIT_RETAIN_SELF = YES;
				CLANG_WARN_OBJC_LITERAL_CONVERSION = YES;
				CLANG_WARN_OBJC_ROOT_CLASS = YES_ERROR;
				CLANG_WARN_RANGE_LOOP_ANALYSIS = YES;
				CLANG_WARN_STRICT_PROTOTYPES = YES;
				CLANG_WARN_SUSPICIOUS_MOVE = YES;
				CLANG_WARN_UNGUARDED_AVAILABILITY = YES_AGGRESSIVE;
				CLANG_WARN_UNREACHABLE_CODE = YES;
				CLANG_WARN__DUPLICATE_METHOD_MATCH = YES;
				COPY_PHASE_STRIP = NO;
				DEBUG_INFORMATION_FORMAT = "dwarf-with-dsym";
				ENABLE_NS_ASSERTIONS = NO;
				ENABLE_STRICT_OBJC_MSGSEND = YES;
				GCC_C_LANGUAGE_STANDARD = gnu11;
				GCC_NO_COMMON_BLOCKS = YES;
				GCC_WARN_64_TO_32_BIT_CONVERSION = YES;
				GCC_WARN_ABOUT_RETURN_TYPE = YES_ERROR;
				GCC_WARN_UNDECLARED_SELECTOR = YES;
				GCC_WARN_UNINITIALIZED_AUTOS = YES_AGGRESSIVE;
				GCC_WARN_UNUSED_FUNCTION = YES;
				GCC_WARN_UNUSED_VARIABLE = YES;
				IPHONEOS_DEPLOYMENT_TARGET = 13.4;
				MTL_ENABLE_DEBUG_INFO = NO;
				MTL_FAST_MATH = YES;
				SDKROOT = iphoneos;
				SWIFT_COMPILATION_MODE = wholemodule;
				SWIFT_OPTIMIZATION_LEVEL = "-O";
				VALIDATE_PRODUCT = YES;
			};
			name = Release;
		};
		AF82DD04244C77A500CE8B95 /* Debug */ = {
			isa = XCBuildConfiguration;
			buildSettings = {
				ASSETCATALOG_COMPILER_APPICON_NAME = AppIcon;
				CODE_SIGN_ENTITLEMENTS = Spbscape/Spbscape.entitlements;
				CODE_SIGN_IDENTITY = "Apple Development";
				CODE_SIGN_STYLE = Automatic;
				DEVELOPMENT_TEAM = 3MM327Z8HD;
				INFOPLIST_FILE = Spbscape/Info.plist;
				LD_RUNPATH_SEARCH_PATHS = (
					"$(inherited)",
					"@executable_path/Frameworks",
				);
				PRODUCT_BUNDLE_IDENTIFIER = com.fitc.spbscaper;
				PRODUCT_NAME = "$(TARGET_NAME)";
				PROVISIONING_PROFILE_SPECIFIER = "";
				SUPPORTS_MACCATALYST = YES;
				SWIFT_VERSION = 5.0;
				TARGETED_DEVICE_FAMILY = "1,2";
			};
			name = Debug;
		};
		AF82DD05244C77A500CE8B95 /* Release */ = {
			isa = XCBuildConfiguration;
			buildSettings = {
				ASSETCATALOG_COMPILER_APPICON_NAME = AppIcon;
				CODE_SIGN_ENTITLEMENTS = Spbscape/Spbscape.entitlements;
				CODE_SIGN_IDENTITY = "Apple Development";
				CODE_SIGN_STYLE = Automatic;
				DEVELOPMENT_TEAM = 3MM327Z8HD;
				INFOPLIST_FILE = Spbscape/Info.plist;
				LD_RUNPATH_SEARCH_PATHS = (
					"$(inherited)",
					"@executable_path/Frameworks",
				);
				PRODUCT_BUNDLE_IDENTIFIER = com.fitc.spbscaper;
				PRODUCT_NAME = "$(TARGET_NAME)";
				PROVISIONING_PROFILE_SPECIFIER = "";
				SUPPORTS_MACCATALYST = YES;
				SWIFT_VERSION = 5.0;
				TARGETED_DEVICE_FAMILY = "1,2";
			};
			name = Release;
		};
/* End XCBuildConfiguration section */

/* Begin XCConfigurationList section */
		AF82DCEA244C77A300CE8B95 /* Build configuration list for PBXProject "Spbscape" */ = {
			isa = XCConfigurationList;
			buildConfigurations = (
				AF82DD01244C77A500CE8B95 /* Debug */,
				AF82DD02244C77A500CE8B95 /* Release */,
			);
			defaultConfigurationIsVisible = 0;
			defaultConfigurationName = Release;
		};
		AF82DD03244C77A500CE8B95 /* Build configuration list for PBXNativeTarget "Spbscape" */ = {
			isa = XCConfigurationList;
			buildConfigurations = (
				AF82DD04244C77A500CE8B95 /* Debug */,
				AF82DD05244C77A500CE8B95 /* Release */,
			);
			defaultConfigurationIsVisible = 0;
			defaultConfigurationName = Release;
		};
/* End XCConfigurationList section */

/* Begin XCRemoteSwiftPackageReference section */
		AF60556A27838E82006B2D04 /* XCRemoteSwiftPackageReference "instantsearch-ios" */ = {
			isa = XCRemoteSwiftPackageReference;
			repositoryURL = "https://github.com/algolia/instantsearch-ios";
			requirement = {
				kind = upToNextMajorVersion;
				minimumVersion = 7.0.0;
			};
		};
		AF82DD08244C8A3500CE8B95 /* XCRemoteSwiftPackageReference "SDWebImage" */ = {
			isa = XCRemoteSwiftPackageReference;
			repositoryURL = "https://github.com/SDWebImage/SDWebImage.git";
			requirement = {
				kind = upToNextMajorVersion;
				minimumVersion = 5.7.2;
			};
		};
/* End XCRemoteSwiftPackageReference section */

/* Begin XCSwiftPackageProductDependency section */
		AF3B4558258563C20048BBB8 /* AlgoliaSearchClient */ = {
			isa = XCSwiftPackageProductDependency;
			productName = AlgoliaSearchClient;
		};
		AF60556B27838E82006B2D04 /* InstantSearchCore */ = {
			isa = XCSwiftPackageProductDependency;
			package = AF60556A27838E82006B2D04 /* XCRemoteSwiftPackageReference "instantsearch-ios" */;
			productName = InstantSearchCore;
		};
		AF60557027839320006B2D04 /* InstantSearch */ = {
			isa = XCSwiftPackageProductDependency;
			package = AF60556A27838E82006B2D04 /* XCRemoteSwiftPackageReference "instantsearch-ios" */;
			productName = InstantSearch;
		};
		AF82DD09244C8A3500CE8B95 /* SDWebImage */ = {
			isa = XCSwiftPackageProductDependency;
			package = AF82DD08244C8A3500CE8B95 /* XCRemoteSwiftPackageReference "SDWebImage" */;
			productName = SDWebImage;
		};
		AFC4CA34298F014E00BFD6C0 /* SpbscapeCore */ = {
			isa = XCSwiftPackageProductDependency;
			productName = SpbscapeCore;
		};
/* End XCSwiftPackageProductDependency section */
	};
	rootObject = AF82DCE7244C77A300CE8B95 /* Project object */;
}
